
Microsoft Visual Studio Solution File, Format Version 12.00
# Visual Studio Version 17
VisualStudioVersion = 17.4.33213.308
MinimumVisualStudioVersion = 10.0.40219.1
Project("{FAE04EC0-301F-11D3-BF4B-00C04F79EFBC}") = "TelegramBot_for_parameter", "TelegramBot_for_parameter.csproj", "{0668CFD2-9C7C-4504-B43B-BE2742D9AA9F}"
EndProject
Global
	GlobalSection(SolutionConfigurationPlatforms) = preSolution
		Debug|Any CPU = Debug|Any CPU
		Release|Any CPU = Release|Any CPU
	EndGlobalSection
	GlobalSection(ProjectConfigurationPlatforms) = postSolution
		{0668CFD2-9C7C-4504-B43B-BE2742D9AA9F}.Debug|Any CPU.ActiveCfg = Debug|Any CPU
		{0668CFD2-9C7C-4504-B43B-BE2742D9AA9F}.Debug|Any CPU.Build.0 = Debug|Any CPU
		{0668CFD2-9C7C-4504-B43B-BE2742D9AA9F}.Release|Any CPU.ActiveCfg = Release|Any CPU
		{0668CFD2-9C7C-4504-B43B-BE2742D9AA9F}.Release|Any CPU.Build.0 = Release|Any CPU
	EndGlobalSection
	GlobalSection(SolutionProperties) = preSolution
		HideSolutionNode = FALSE
	EndGlobalSection
	GlobalSection(ExtensibilityGlobals) = postSolution
		SolutionGuid = {3B47BD93-DC7B-4012-9C1E-22557B85D3B3}
	EndGlobalSection
EndGlobal
